// !$*UTF8*$!
{
	archiveVersion = 1;
	classes = {
	};
	objectVersion = 46;
	objects = {

/* Begin PBXBuildFile section */
		9B4B5C8118ED638E005A27AA /* Foundation.framework in Frameworks */ = {isa = PBXBuildFile; fileRef = 9B4B5C8018ED638E005A27AA /* Foundation.framework */; };
		9B4B5C8318ED638E005A27AA /* CoreGraphics.framework in Frameworks */ = {isa = PBXBuildFile; fileRef = 9B4B5C8218ED638E005A27AA /* CoreGraphics.framework */; };
		9B4B5C8518ED638E005A27AA /* UIKit.framework in Frameworks */ = {isa = PBXBuildFile; fileRef = 9B4B5C8418ED638E005A27AA /* UIKit.framework */; };
		9B4B5C8B18ED638E005A27AA /* InfoPlist.strings in Resources */ = {isa = PBXBuildFile; fileRef = 9B4B5C8918ED638E005A27AA /* InfoPlist.strings */; };
		9B4B5C8D18ED638E005A27AA /* main.m in Sources */ = {isa = PBXBuildFile; fileRef = 9B4B5C8C18ED638E005A27AA /* main.m */; };
		9B4B5C9118ED638E005A27AA /* ZLAppDelegate.m in Sources */ = {isa = PBXBuildFile; fileRef = 9B4B5C9018ED638E005A27AA /* ZLAppDelegate.m */; };
		9B4B5C9418ED638E005A27AA /* Main_iPhone.storyboard in Resources */ = {isa = PBXBuildFile; fileRef = 9B4B5C9218ED638E005A27AA /* Main_iPhone.storyboard */; };
		9B4B5C9718ED638E005A27AA /* Main_iPad.storyboard in Resources */ = {isa = PBXBuildFile; fileRef = 9B4B5C9518ED638E005A27AA /* Main_iPad.storyboard */; };
		9B4B5C9A18ED638E005A27AA /* ZLViewController.m in Sources */ = {isa = PBXBuildFile; fileRef = 9B4B5C9918ED638E005A27AA /* ZLViewController.m */; };
		9B4B5C9C18ED638E005A27AA /* Images.xcassets in Resources */ = {isa = PBXBuildFile; fileRef = 9B4B5C9B18ED638E005A27AA /* Images.xcassets */; };
		9B4B5CA318ED638F005A27AA /* XCTest.framework in Frameworks */ = {isa = PBXBuildFile; fileRef = 9B4B5CA218ED638F005A27AA /* XCTest.framework */; };
		9B4B5CA418ED638F005A27AA /* Foundation.framework in Frameworks */ = {isa = PBXBuildFile; fileRef = 9B4B5C8018ED638E005A27AA /* Foundation.framework */; };
		9B4B5CA518ED638F005A27AA /* UIKit.framework in Frameworks */ = {isa = PBXBuildFile; fileRef = 9B4B5C8418ED638E005A27AA /* UIKit.framework */; };
		9B4B5CAD18ED638F005A27AA /* InfoPlist.strings in Resources */ = {isa = PBXBuildFile; fileRef = 9B4B5CAB18ED638F005A27AA /* InfoPlist.strings */; };
		9B4B5CAF18ED638F005A27AA /* ZLMulticastAgentTests.m in Sources */ = {isa = PBXBuildFile; fileRef = 9B4B5CAE18ED638F005A27AA /* ZLMulticastAgentTests.m */; };
		9B4B5CBB18ED63EE005A27AA /* ZLMulticastAgent.m in Sources */ = {isa = PBXBuildFile; fileRef = 9B4B5CBA18ED63EE005A27AA /* ZLMulticastAgent.m */; };
		9B4B5CBC18ED63EE005A27AA /* ZLMulticastAgent.m in Sources */ = {isa = PBXBuildFile; fileRef = 9B4B5CBA18ED63EE005A27AA /* ZLMulticastAgent.m */; };
		9B4B5CBF18ED6555005A27AA /* ZLMulticastAgentDemo.m in Sources */ = {isa = PBXBuildFile; fileRef = 9B4B5CBE18ED6555005A27AA /* ZLMulticastAgentDemo.m */; };
		9B4B5CC018ED6555005A27AA /* ZLMulticastAgentDemo.m in Sources */ = {isa = PBXBuildFile; fileRef = 9B4B5CBE18ED6555005A27AA /* ZLMulticastAgentDemo.m */; };
/* End PBXBuildFile section */

/* Begin PBXContainerItemProxy section */
		9B4B5CA618ED638F005A27AA /* PBXContainerItemProxy */ = {
			isa = PBXContainerItemProxy;
			containerPortal = 9B4B5C7518ED638E005A27AA /* Project object */;
			proxyType = 1;
			remoteGlobalIDString = 9B4B5C7C18ED638E005A27AA;
			remoteInfo = ZLMulticastAgent;
		};
/* End PBXContainerItemProxy section */

/* Begin PBXFileReference section */
		9B4B5C7D18ED638E005A27AA /* ZLMulticastAgent.app */ = {isa = PBXFileReference; explicitFileType = wrapper.application; includeInIndex = 0; path = ZLMulticastAgent.app; sourceTree = BUILT_PRODUCTS_DIR; };
		9B4B5C8018ED638E005A27AA /* Foundation.framework */ = {isa = PBXFileReference; lastKnownFileType = wrapper.framework; name = Foundation.framework; path = System/Library/Frameworks/Foundation.framework; sourceTree = SDKROOT; };
		9B4B5C8218ED638E005A27AA /* CoreGraphics.framework */ = {isa = PBXFileReference; lastKnownFileType = wrapper.framework; name = CoreGraphics.framework; path = System/Library/Frameworks/CoreGraphics.framework; sourceTree = SDKROOT; };
		9B4B5C8418ED638E005A27AA /* UIKit.framework */ = {isa = PBXFileReference; lastKnownFileType = wrapper.framework; name = UIKit.framework; path = System/Library/Frameworks/UIKit.framework; sourceTree = SDKROOT; };
		9B4B5C8818ED638E005A27AA /* ZLMulticastAgent-Info.plist */ = {isa = PBXFileReference; lastKnownFileType = text.plist.xml; path = "ZLMulticastAgent-Info.plist"; sourceTree = "<group>"; };
		9B4B5C8A18ED638E005A27AA /* en */ = {isa = PBXFileReference; lastKnownFileType = text.plist.strings; name = en; path = en.lproj/InfoPlist.strings; sourceTree = "<group>"; };
		9B4B5C8C18ED638E005A27AA /* main.m */ = {isa = PBXFileReference; lastKnownFileType = sourcecode.c.objc; path = main.m; sourceTree = "<group>"; };
		9B4B5C8E18ED638E005A27AA /* ZLMulticastAgent-Prefix.pch */ = {isa = PBXFileReference; lastKnownFileType = sourcecode.c.h; path = "ZLMulticastAgent-Prefix.pch"; sourceTree = "<group>"; };
		9B4B5C8F18ED638E005A27AA /* ZLAppDelegate.h */ = {isa = PBXFileReference; lastKnownFileType = sourcecode.c.h; path = ZLAppDelegate.h; sourceTree = "<group>"; };
		9B4B5C9018ED638E005A27AA /* ZLAppDelegate.m */ = {isa = PBXFileReference; lastKnownFileType = sourcecode.c.objc; path = ZLAppDelegate.m; sourceTree = "<group>"; };
		9B4B5C9318ED638E005A27AA /* Base */ = {isa = PBXFileReference; lastKnownFileType = file.storyboard; name = Base; path = Base.lproj/Main_iPhone.storyboard; sourceTree = "<group>"; };
		9B4B5C9618ED638E005A27AA /* Base */ = {isa = PBXFileReference; lastKnownFileType = file.storyboard; name = Base; path = Base.lproj/Main_iPad.storyboard; sourceTree = "<group>"; };
		9B4B5C9818ED638E005A27AA /* ZLViewController.h */ = {isa = PBXFileReference; lastKnownFileType = sourcecode.c.h; path = ZLViewController.h; sourceTree = "<group>"; };
		9B4B5C9918ED638E005A27AA /* ZLViewController.m */ = {isa = PBXFileReference; lastKnownFileType = sourcecode.c.objc; path = ZLViewController.m; sourceTree = "<group>"; };
		9B4B5C9B18ED638E005A27AA /* Images.xcassets */ = {isa = PBXFileReference; lastKnownFileType = folder.assetcatalog; path = Images.xcassets; sourceTree = "<group>"; };
		9B4B5CA118ED638F005A27AA /* ZLMulticastAgentTests.xctest */ = {isa = PBXFileReference; explicitFileType = wrapper.cfbundle; includeInIndex = 0; path = ZLMulticastAgentTests.xctest; sourceTree = BUILT_PRODUCTS_DIR; };
		9B4B5CA218ED638F005A27AA /* XCTest.framework */ = {isa = PBXFileReference; lastKnownFileType = wrapper.framework; name = XCTest.framework; path = Library/Frameworks/XCTest.framework; sourceTree = DEVELOPER_DIR; };
		9B4B5CAA18ED638F005A27AA /* ZLMulticastAgentTests-Info.plist */ = {isa = PBXFileReference; lastKnownFileType = text.plist.xml; path = "ZLMulticastAgentTests-Info.plist"; sourceTree = "<group>"; };
		9B4B5CAC18ED638F005A27AA /* en */ = {isa = PBXFileReference; lastKnownFileType = text.plist.strings; name = en; path = en.lproj/InfoPlist.strings; sourceTree = "<group>"; };
		9B4B5CAE18ED638F005A27AA /* ZLMulticastAgentTests.m */ = {isa = PBXFileReference; lastKnownFileType = sourcecode.c.objc; path = ZLMulticastAgentTests.m; sourceTree = "<group>"; };
		9B4B5CB918ED63EE005A27AA /* ZLMulticastAgent.h */ = {isa = PBXFileReference; fileEncoding = 4; lastKnownFileType = sourcecode.c.h; path = ZLMulticastAgent.h; sourceTree = "<group>"; };
		9B4B5CBA18ED63EE005A27AA /* ZLMulticastAgent.m */ = {isa = PBXFileReference; fileEncoding = 4; lastKnownFileType = sourcecode.c.objc; path = ZLMulticastAgent.m; sourceTree = "<group>"; };
		9B4B5CBD18ED6555005A27AA /* ZLMulticastAgentDemo.h */ = {isa = PBXFileReference; fileEncoding = 4; lastKnownFileType = sourcecode.c.h; path = ZLMulticastAgentDemo.h; sourceTree = "<group>"; };
		9B4B5CBE18ED6555005A27AA /* ZLMulticastAgentDemo.m */ = {isa = PBXFileReference; fileEncoding = 4; lastKnownFileType = sourcecode.c.objc; path = ZLMulticastAgentDemo.m; sourceTree = "<group>"; };
/* End PBXFileReference section */

/* Begin PBXFrameworksBuildPhase section */
		9B4B5C7A18ED638E005A27AA /* Frameworks */ = {
			isa = PBXFrameworksBuildPhase;
			buildActionMask = 2147483647;
			files = (
				9B4B5C8318ED638E005A27AA /* CoreGraphics.framework in Frameworks */,
				9B4B5C8518ED638E005A27AA /* UIKit.framework in Frameworks */,
				9B4B5C8118ED638E005A27AA /* Foundation.framework in Frameworks */,
			);
			runOnlyForDeploymentPostprocessing = 0;
		};
		9B4B5C9E18ED638F005A27AA /* Frameworks */ = {
			isa = PBXFrameworksBuildPhase;
			buildActionMask = 2147483647;
			files = (
				9B4B5CA318ED638F005A27AA /* XCTest.framework in Frameworks */,
				9B4B5CA518ED638F005A27AA /* UIKit.framework in Frameworks */,
				9B4B5CA418ED638F005A27AA /* Foundation.framework in Frameworks */,
			);
			runOnlyForDeploymentPostprocessing = 0;
		};
/* End PBXFrameworksBuildPhase section */

/* Begin PBXGroup section */
		9B4B5C7418ED638E005A27AA = {
			isa = PBXGroup;
			children = (
				9B4B5C8618ED638E005A27AA /* ZLMulticastAgent */,
				9B4B5CA818ED638F005A27AA /* ZLMulticastAgentTests */,
				9B4B5C7F18ED638E005A27AA /* Frameworks */,
				9B4B5C7E18ED638E005A27AA /* Products */,
			);
			sourceTree = "<group>";
		};
		9B4B5C7E18ED638E005A27AA /* Products */ = {
			isa = PBXGroup;
			children = (
				9B4B5C7D18ED638E005A27AA /* ZLMulticastAgent.app */,
				9B4B5CA118ED638F005A27AA /* ZLMulticastAgentTests.xctest */,
			);
			name = Products;
			sourceTree = "<group>";
		};
		9B4B5C7F18ED638E005A27AA /* Frameworks */ = {
			isa = PBXGroup;
			children = (
				9B4B5C8018ED638E005A27AA /* Foundation.framework */,
				9B4B5C8218ED638E005A27AA /* CoreGraphics.framework */,
				9B4B5C8418ED638E005A27AA /* UIKit.framework */,
				9B4B5CA218ED638F005A27AA /* XCTest.framework */,
			);
			name = Frameworks;
			sourceTree = "<group>";
		};
		9B4B5C8618ED638E005A27AA /* ZLMulticastAgent */ = {
			isa = PBXGroup;
			children = (
				9B4B5C8F18ED638E005A27AA /* ZLAppDelegate.h */,
				9B4B5C9018ED638E005A27AA /* ZLAppDelegate.m */,
				9B4B5C9218ED638E005A27AA /* Main_iPhone.storyboard */,
				9B4B5C9518ED638E005A27AA /* Main_iPad.storyboard */,
				9B4B5C9818ED638E005A27AA /* ZLViewController.h */,
				9B4B5C9918ED638E005A27AA /* ZLViewController.m */,
				9B4B5CBD18ED6555005A27AA /* ZLMulticastAgentDemo.h */,
				9B4B5CBE18ED6555005A27AA /* ZLMulticastAgentDemo.m */,
				9B4B5C9B18ED638E005A27AA /* Images.xcassets */,
				9B4B5CB818ED63EE005A27AA /* ZLMulticastAgent */,
				9B4B5C8718ED638E005A27AA /* Supporting Files */,
			);
			path = ZLMulticastAgent;
			sourceTree = "<group>";
		};
		9B4B5C8718ED638E005A27AA /* Supporting Files */ = {
			isa = PBXGroup;
			children = (
				9B4B5C8818ED638E005A27AA /* ZLMulticastAgent-Info.plist */,
				9B4B5C8918ED638E005A27AA /* InfoPlist.strings */,
				9B4B5C8C18ED638E005A27AA /* main.m */,
				9B4B5C8E18ED638E005A27AA /* ZLMulticastAgent-Prefix.pch */,
			);
			name = "Supporting Files";
			sourceTree = "<group>";
		};
		9B4B5CA818ED638F005A27AA /* ZLMulticastAgentTests */ = {
			isa = PBXGroup;
			children = (
				9B4B5CAE18ED638F005A27AA /* ZLMulticastAgentTests.m */,
				9B4B5CA918ED638F005A27AA /* Supporting Files */,
			);
			path = ZLMulticastAgentTests;
			sourceTree = "<group>";
		};
		9B4B5CA918ED638F005A27AA /* Supporting Files */ = {
			isa = PBXGroup;
			children = (
				9B4B5CAA18ED638F005A27AA /* ZLMulticastAgentTests-Info.plist */,
				9B4B5CAB18ED638F005A27AA /* InfoPlist.strings */,
			);
			name = "Supporting Files";
			sourceTree = "<group>";
		};
		9B4B5CB818ED63EE005A27AA /* ZLMulticastAgent */ = {
			isa = PBXGroup;
			children = (
				9B4B5CB918ED63EE005A27AA /* ZLMulticastAgent.h */,
				9B4B5CBA18ED63EE005A27AA /* ZLMulticastAgent.m */,
			);
			path = ZLMulticastAgent;
			sourceTree = "<group>";
		};
/* End PBXGroup section */

/* Begin PBXNativeTarget section */
		9B4B5C7C18ED638E005A27AA /* ZLMulticastAgent */ = {
			isa = PBXNativeTarget;
			buildConfigurationList = 9B4B5CB218ED638F005A27AA /* Build configuration list for PBXNativeTarget "ZLMulticastAgent" */;
			buildPhases = (
				9B4B5C7918ED638E005A27AA /* Sources */,
				9B4B5C7A18ED638E005A27AA /* Frameworks */,
				9B4B5C7B18ED638E005A27AA /* Resources */,
			);
			buildRules = (
			);
			dependencies = (
			);
			name = ZLMulticastAgent;
			productName = ZLMulticastAgent;
			productReference = 9B4B5C7D18ED638E005A27AA /* ZLMulticastAgent.app */;
			productType = "com.apple.product-type.application";
		};
		9B4B5CA018ED638F005A27AA /* ZLMulticastAgentTests */ = {
			isa = PBXNativeTarget;
			buildConfigurationList = 9B4B5CB518ED638F005A27AA /* Build configuration list for PBXNativeTarget "ZLMulticastAgentTests" */;
			buildPhases = (
				9B4B5C9D18ED638F005A27AA /* Sources */,
				9B4B5C9E18ED638F005A27AA /* Frameworks */,
				9B4B5C9F18ED638F005A27AA /* Resources */,
			);
			buildRules = (
			);
			dependencies = (
				9B4B5CA718ED638F005A27AA /* PBXTargetDependency */,
			);
			name = ZLMulticastAgentTests;
			productName = ZLMulticastAgentTests;
			productReference = 9B4B5CA118ED638F005A27AA /* ZLMulticastAgentTests.xctest */;
			productType = "com.apple.product-type.bundle.unit-test";
		};
/* End PBXNativeTarget section */

/* Begin PBXProject section */
		9B4B5C7518ED638E005A27AA /* Project object */ = {
			isa = PBXProject;
			attributes = {
				CLASSPREFIX = ZL;
				LastUpgradeCheck = 0510;
				ORGANIZATIONNAME = ZhuochengLee;
				TargetAttributes = {
					9B4B5CA018ED638F005A27AA = {
						TestTargetID = 9B4B5C7C18ED638E005A27AA;
					};
				};
			};
			buildConfigurationList = 9B4B5C7818ED638E005A27AA /* Build configuration list for PBXProject "ZLMulticastAgent" */;
			compatibilityVersion = "Xcode 3.2";
			developmentRegion = English;
			hasScannedForEncodings = 0;
			knownRegions = (
				en,
				Base,
			);
			mainGroup = 9B4B5C7418ED638E005A27AA;
			productRefGroup = 9B4B5C7E18ED638E005A27AA /* Products */;
			projectDirPath = "";
			projectRoot = "";
			targets = (
				9B4B5C7C18ED638E005A27AA /* ZLMulticastAgent */,
				9B4B5CA018ED638F005A27AA /* ZLMulticastAgentTests */,
			);
		};
/* End PBXProject section */

/* Begin PBXResourcesBuildPhase section */
		9B4B5C7B18ED638E005A27AA /* Resources */ = {
			isa = PBXResourcesBuildPhase;
			buildActionMask = 2147483647;
			files = (
				9B4B5C9718ED638E005A27AA /* Main_iPad.storyboard in Resources */,
				9B4B5C9C18ED638E005A27AA /* Images.xcassets in Resources */,
				9B4B5C9418ED638E005A27AA /* Main_iPhone.storyboard in Resources */,
				9B4B5C8B18ED638E005A27AA /* InfoPlist.strings in Resources */,
			);
			runOnlyForDeploymentPostprocessing = 0;
		};
		9B4B5C9F18ED638F005A27AA /* Resources */ = {
			isa = PBXResourcesBuildPhase;
			buildActionMask = 2147483647;
			files = (
				9B4B5CAD18ED638F005A27AA /* InfoPlist.strings in Resources */,
			);
			runOnlyForDeploymentPostprocessing = 0;
		};
/* End PBXResourcesBuildPhase section */

/* Begin PBXSourcesBuildPhase section */
		9B4B5C7918ED638E005A27AA /* Sources */ = {
			isa = PBXSourcesBuildPhase;
			buildActionMask = 2147483647;
			files = (
				9B4B5CBB18ED63EE005A27AA /* ZLMulticastAgent.m in Sources */,
				9B4B5CBF18ED6555005A27AA /* ZLMulticastAgentDemo.m in Sources */,
				9B4B5C9118ED638E005A27AA /* ZLAppDelegate.m in Sources */,
				9B4B5C8D18ED638E005A27AA /* main.m in Sources */,
				9B4B5C9A18ED638E005A27AA /* ZLViewController.m in Sources */,
			);
			runOnlyForDeploymentPostprocessing = 0;
		};
		9B4B5C9D18ED638F005A27AA /* Sources */ = {
			isa = PBXSourcesBuildPhase;
			buildActionMask = 2147483647;
			files = (
				9B4B5CBC18ED63EE005A27AA /* ZLMulticastAgent.m in Sources */,
				9B4B5CC018ED6555005A27AA /* ZLMulticastAgentDemo.m in Sources */,
				9B4B5CAF18ED638F005A27AA /* ZLMulticastAgentTests.m in Sources */,
			);
			runOnlyForDeploymentPostprocessing = 0;
		};
/* End PBXSourcesBuildPhase section */

/* Begin PBXTargetDependency section */
		9B4B5CA718ED638F005A27AA /* PBXTargetDependency */ = {
			isa = PBXTargetDependency;
			target = 9B4B5C7C18ED638E005A27AA /* ZLMulticastAgent */;
			targetProxy = 9B4B5CA618ED638F005A27AA /* PBXContainerItemProxy */;
		};
/* End PBXTargetDependency section */

/* Begin PBXVariantGroup section */
		9B4B5C8918ED638E005A27AA /* InfoPlist.strings */ = {
			isa = PBXVariantGroup;
			children = (
				9B4B5C8A18ED638E005A27AA /* en */,
			);
			name = InfoPlist.strings;
			sourceTree = "<group>";
		};
		9B4B5C9218ED638E005A27AA /* Main_iPhone.storyboard */ = {
			isa = PBXVariantGroup;
			children = (
				9B4B5C9318ED638E005A27AA /* Base */,
			);
			name = Main_iPhone.storyboard;
			sourceTree = "<group>";
		};
		9B4B5C9518ED638E005A27AA /* Main_iPad.storyboard */ = {
			isa = PBXVariantGroup;
			children = (
				9B4B5C9618ED638E005A27AA /* Base */,
			);
			name = Main_iPad.storyboard;
			sourceTree = "<group>";
		};
		9B4B5CAB18ED638F005A27AA /* InfoPlist.strings */ = {
			isa = PBXVariantGroup;
			children = (
				9B4B5CAC18ED638F005A27AA /* en */,
			);
			name = InfoPlist.strings;
			sourceTree = "<group>";
		};
/* End PBXVariantGroup section */

/* Begin XCBuildConfiguration section */
		9B4B5CB018ED638F005A27AA /* Debug */ = {
			isa = XCBuildConfiguration;
			buildSettings = {
				ALWAYS_SEARCH_USER_PATHS = NO;
				CLANG_CXX_LANGUAGE_STANDARD = "gnu++0x";
				CLANG_CXX_LIBRARY = "libc++";
				CLANG_ENABLE_MODULES = YES;
				CLANG_ENABLE_OBJC_ARC = YES;
				CLANG_WARN_BOOL_CONVERSION = YES;
				CLANG_WARN_CONSTANT_CONVERSION = YES;
				CLANG_WARN_DIRECT_OBJC_ISA_USAGE = YES_ERROR;
				CLANG_WARN_EMPTY_BODY = YES;
				CLANG_WARN_ENUM_CONVERSION = YES;
				CLANG_WARN_INT_CONVERSION = YES;
				CLANG_WARN_OBJC_ROOT_CLASS = YES_ERROR;
				CLANG_WARN__DUPLICATE_METHOD_MATCH = YES;
				"CODE_SIGN_IDENTITY[sdk=iphoneos*]" = "iPhone Developer";
				COPY_PHASE_STRIP = NO;
				GCC_C_LANGUAGE_STANDARD = gnu99;
				GCC_DYNAMIC_NO_PIC = NO;
				GCC_OPTIMIZATION_LEVEL = 0;
				GCC_PREPROCESSOR_DEFINITIONS = (
					"DEBUG=1",
					"$(inherited)",
				);
				GCC_SYMBOLS_PRIVATE_EXTERN = NO;
				GCC_WARN_64_TO_32_BIT_CONVERSION = YES;
				GCC_WARN_ABOUT_RETURN_TYPE = YES_ERROR;
				GCC_WARN_UNDECLARED_SELECTOR = YES;
				GCC_WARN_UNINITIALIZED_AUTOS = YES_AGGRESSIVE;
				GCC_WARN_UNUSED_FUNCTION = YES;
				GCC_WARN_UNUSED_VARIABLE = YES;
				IPHONEOS_DEPLOYMENT_TARGET = 7.1;
				ONLY_ACTIVE_ARCH = YES;
				SDKROOT = iphoneos;
				TARGETED_DEVICE_FAMILY = "1,2";
			};
			name = Debug;
		};
		9B4B5CB118ED638F005A27AA /* Release */ = {
			isa = XCBuildConfiguration;
			buildSettings = {
				ALWAYS_SEARCH_USER_PATHS = NO;
				CLANG_CXX_LANGUAGE_STANDARD = "gnu++0x";
				CLANG_CXX_LIBRARY = "libc++";
				CLANG_ENABLE_MODULES = YES;
				CLANG_ENABLE_OBJC_ARC = YES;
				CLANG_WARN_BOOL_CONVERSION = YES;
				CLANG_WARN_CONSTANT_CONVERSION = YES;
				CLANG_WARN_DIRECT_OBJC_ISA_USAGE = YES_ERROR;
				CLANG_WARN_EMPTY_BODY = YES;
				CLANG_WARN_ENUM_CONVERSION = YES;
				CLANG_WARN_INT_CONVERSION = YES;
				CLANG_WARN_OBJC_ROOT_CLASS = YES_ERROR;
				CLANG_WARN__DUPLICATE_METHOD_MATCH = YES;
				"CODE_SIGN_IDENTITY[sdk=iphoneos*]" = "iPhone Developer";
				COPY_PHASE_STRIP = YES;
				ENABLE_NS_ASSERTIONS = NO;
				GCC_C_LANGUAGE_STANDARD = gnu99;
				GCC_WARN_64_TO_32_BIT_CONVERSION = YES;
				GCC_WARN_ABOUT_RETURN_TYPE = YES_ERROR;
				GCC_WARN_UNDECLARED_SELECTOR = YES;
				GCC_WARN_UNINITIALIZED_AUTOS = YES_AGGRESSIVE;
				GCC_WARN_UNUSED_FUNCTION = YES;
				GCC_WARN_UNUSED_VARIABLE = YES;
				IPHONEOS_DEPLOYMENT_TARGET = 7.1;
				SDKROOT = iphoneos;
				TARGETED_DEVICE_FAMILY = "1,2";
				VALIDATE_PRODUCT = YES;
			};
			name = Release;
		};
		9B4B5CB318ED638F005A27AA /* Debug */ = {
			isa = XCBuildConfiguration;
			buildSettings = {
				ASSETCATALOG_COMPILER_APPICON_NAME = AppIcon;
				ASSETCATALOG_COMPILER_LAUNCHIMAGE_NAME = LaunchImage;
				GCC_PRECOMPILE_PREFIX_HEADER = YES;
				GCC_PREFIX_HEADER = "ZLMulticastAgent/ZLMulticastAgent-Prefix.pch";
				INFOPLIST_FILE = "ZLMulticastAgent/ZLMulticastAgent-Info.plist";
				PRODUCT_NAME = "$(TARGET_NAME)";
				WRAPPER_EXTENSION = app;
			};
			name = Debug;
		};
		9B4B5CB418ED638F005A27AA /* Release */ = {
			isa = XCBuildConfiguration;
			buildSettings = {
				ASSETCATALOG_COMPILER_APPICON_NAME = AppIcon;
				ASSETCATALOG_COMPILER_LAUNCHIMAGE_NAME = LaunchImage;
				GCC_PRECOMPILE_PREFIX_HEADER = YES;
				GCC_PREFIX_HEADER = "ZLMulticastAgent/ZLMulticastAgent-Prefix.pch";
				INFOPLIST_FILE = "ZLMulticastAgent/ZLMulticastAgent-Info.plist";
				PRODUCT_NAME = "$(TARGET_NAME)";
				WRAPPER_EXTENSION = app;
			};
			name = Release;
		};
		9B4B5CB618ED638F005A27AA /* Debug */ = {
			isa = XCBuildConfiguration;
			buildSettings = {
				BUNDLE_LOADER = "$(BUILT_PRODUCTS_DIR)/ZLMulticastAgent.app/ZLMulticastAgent";
				FRAMEWORK_SEARCH_PATHS = (
					"$(SDKROOT)/Developer/Library/Frameworks",
					"$(inherited)",
					"$(DEVELOPER_FRAMEWORKS_DIR)",
				);
				GCC_PRECOMPILE_PREFIX_HEADER = YES;
				GCC_PREFIX_HEADER = "ZLMulticastAgent/ZLMulticastAgent-Prefix.pch";
				GCC_PREPROCESSOR_DEFINITIONS = (
					"DEBUG=1",
					"$(inherited)",
				);
				INFOPLIST_FILE = "ZLMulticastAgentTests/ZLMulticastAgentTests-Info.plist";
				PRODUCT_NAME = "$(TARGET_NAME)";
				TEST_HOST = "$(BUNDLE_LOADER)";
				WRAPPER_EXTENSION = xctest;
			};
			name = Debug;
		};
		9B4B5CB718ED638F005A27AA /* Release */ = {
			isa = XCBuildConfiguration;
			buildSettings = {
				BUNDLE_LOADER = "$(BUILT_PRODUCTS_DIR)/ZLMulticastAgent.app/ZLMulticastAgent";
				FRAMEWORK_SEARCH_PATHS = (
					"$(SDKROOT)/Developer/Library/Frameworks",
					"$(inherited)",
					"$(DEVELOPER_FRAMEWORKS_DIR)",
				);
				GCC_PRECOMPILE_PREFIX_HEADER = YES;
				GCC_PREFIX_HEADER = "ZLMulticastAgent/ZLMulticastAgent-Prefix.pch";
				INFOPLIST_FILE = "ZLMulticastAgentTests/ZLMulticastAgentTests-Info.plist";
				PRODUCT_NAME = "$(TARGET_NAME)";
				TEST_HOST = "$(BUNDLE_LOADER)";
				WRAPPER_EXTENSION = xctest;
			};
			name = Release;
		};
/* End XCBuildConfiguration section */

/* Begin XCConfigurationList section */
		9B4B5C7818ED638E005A27AA /* Build configuration list for PBXProject "ZLMulticastAgent" */ = {
			isa = XCConfigurationList;
			buildConfigurations = (
				9B4B5CB018ED638F005A27AA /* Debug */,
				9B4B5CB118ED638F005A27AA /* Release */,
			);
			defaultConfigurationIsVisible = 0;
			defaultConfigurationName = Release;
		};
		9B4B5CB218ED638F005A27AA /* Build configuration list for PBXNativeTarget "ZLMulticastAgent" */ = {
			isa = XCConfigurationList;
			buildConfigurations = (
				9B4B5CB318ED638F005A27AA /* Debug */,
				9B4B5CB418ED638F005A27AA /* Release */,
			);
			defaultConfigurationIsVisible = 0;
		};
		9B4B5CB518ED638F005A27AA /* Build configuration list for PBXNativeTarget "ZLMulticastAgentTests" */ = {
			isa = XCConfigurationList;
			buildConfigurations = (
				9B4B5CB618ED638F005A27AA /* Debug */,
				9B4B5CB718ED638F005A27AA /* Release */,
			);
			defaultConfigurationIsVisible = 0;
		};
/* End XCConfigurationList section */
	};
	rootObject = 9B4B5C7518ED638E005A27AA /* Project object */;
}
